
Microsoft Visual Studio Solution File, Format Version 12.00
# Visual Studio Version 16
VisualStudioVersion = 16.0.32428.217
MinimumVisualStudioVersion = 10.0.40219.1
Project("{9A19103F-16F7-4668-BE54-9A1E7A4F7556}") = "OOP__lab10", "OOP__lab10.csproj", "{A17206ED-DCA5-494F-A890-00A69E099392}"
EndProject
Project("{FAE04EC0-301F-11D3-BF4B-00C04F79EFBC}") = "TestLab10", "..\TestLab10\TestLab10.csproj", "{455E2C4D-FB4C-483B-B6D1-C428F9660783}"
EndProject
Global
	GlobalSection(SolutionConfigurationPlatforms) = preSolution
		Debug|Any CPU = Debug|Any CPU
		Release|Any CPU = Release|Any CPU
	EndGlobalSection
	GlobalSection(ProjectConfigurationPlatforms) = postSolution
		{A17206ED-DCA5-494F-A890-00A69E099392}.Debug|Any CPU.ActiveCfg = Debug|Any CPU
		{A17206ED-DCA5-494F-A890-00A69E099392}.Debug|Any CPU.Build.0 = Debug|Any CPU
		{A17206ED-DCA5-494F-A890-00A69E099392}.Release|Any CPU.ActiveCfg = Release|Any CPU
		{A17206ED-DCA5-494F-A890-00A69E099392}.Release|Any CPU.Build.0 = Release|Any CPU
		{455E2C4D-FB4C-483B-B6D1-C428F9660783}.Debug|Any CPU.ActiveCfg = Debug|Any CPU
		{455E2C4D-FB4C-483B-B6D1-C428F9660783}.Debug|Any CPU.Build.0 = Debug|Any CPU
		{455E2C4D-FB4C-483B-B6D1-C428F9660783}.Release|Any CPU.ActiveCfg = Release|Any CPU
		{455E2C4D-FB4C-483B-B6D1-C428F9660783}.Release|Any CPU.Build.0 = Release|Any CPU
	EndGlobalSection
	GlobalSection(SolutionProperties) = preSolution
		HideSolutionNode = FALSE
	EndGlobalSection
	GlobalSection(ExtensibilityGlobals) = postSolution
		SolutionGuid = {909F6BCE-93B0-4D58-B0CA-328C93B4E02E}
	EndGlobalSection
EndGlobal
